
Microsoft Visual Studio Solution File, Format Version 12.00
# Visual Studio Version 17
VisualStudioVersion = 17.5.33502.453
MinimumVisualStudioVersion = 10.0.40219.1
Project("{8BC9CEB8-8B4A-11D0-8D11-00A0C91BC942}") = "99", "99.vcxproj", "{54EA0347-5A54-4F3C-B4A8-204E708BDEB1}"
EndProject
Global
	GlobalSection(SolutionConfigurationPlatforms) = preSolution
		Debug|x64 = Debug|x64
		Debug|x86 = Debug|x86
		Release|x64 = Release|x64
		Release|x86 = Release|x86
	EndGlobalSection
	GlobalSection(ProjectConfigurationPlatforms) = postSolution
		{54EA0347-5A54-4F3C-B4A8-204E708BDEB1}.Debug|x64.ActiveCfg = Debug|x64
		{54EA0347-5A54-4F3C-B4A8-204E708BDEB1}.Debug|x64.Build.0 = Debug|x64
		{54EA0347-5A54-4F3C-B4A8-204E708BDEB1}.Debug|x86.ActiveCfg = Debug|Win32
		{54EA0347-5A54-4F3C-B4A8-204E708BDEB1}.Debug|x86.Build.0 = Debug|Win32
		{54EA0347-5A54-4F3C-B4A8-204E708BDEB1}.Release|x64.ActiveCfg = Release|x64
		{54EA0347-5A54-4F3C-B4A8-204E708BDEB1}.Release|x64.Build.0 = Release|x64
		{54EA0347-5A54-4F3C-B4A8-204E708BDEB1}.Release|x86.ActiveCfg = Release|Win32
		{54EA0347-5A54-4F3C-B4A8-204E708BDEB1}.Release|x86.Build.0 = Release|Win32
	EndGlobalSection
	GlobalSection(SolutionProperties) = preSolution
		HideSolutionNode = FALSE
	EndGlobalSection
	GlobalSection(ExtensibilityGlobals) = postSolution
		SolutionGuid = {B8AE6269-9143-4EAB-8B05-C2E089E355C2}
	EndGlobalSection
EndGlobal
